
Microsoft Visual Studio Solution File, Format Version 12.00
# Visual Studio Version 17
VisualStudioVersion = 17.6.33723.286
MinimumVisualStudioVersion = 10.0.40219.1
Project("{FAE04EC0-301F-11D3-BF4B-00C04F79EFBC}") = "Risc Processor", "Risc Processor.csproj", "{DC23776B-F8F4-42B7-BC35-74808DDF354B}"
EndProject
Global
	GlobalSection(SolutionConfigurationPlatforms) = preSolution
		Debug|Any CPU = Debug|Any CPU
		Release|Any CPU = Release|Any CPU
	EndGlobalSection
	GlobalSection(ProjectConfigurationPlatforms) = postSolution
		{DC23776B-F8F4-42B7-BC35-74808DDF354B}.Debug|Any CPU.ActiveCfg = Debug|Any CPU
		{DC23776B-F8F4-42B7-BC35-74808DDF354B}.Debug|Any CPU.Build.0 = Debug|Any CPU
		{DC23776B-F8F4-42B7-BC35-74808DDF354B}.Release|Any CPU.ActiveCfg = Release|Any CPU
		{DC23776B-F8F4-42B7-BC35-74808DDF354B}.Release|Any CPU.Build.0 = Release|Any CPU
	EndGlobalSection
	GlobalSection(SolutionProperties) = preSolution
		HideSolutionNode = FALSE
	EndGlobalSection
	GlobalSection(ExtensibilityGlobals) = postSolution
		SolutionGuid = {785E55BD-5676-4B9E-946B-E442B57614A1}
	EndGlobalSection
EndGlobal
